
Microsoft Visual Studio Solution File, Format Version 12.00
# Visual Studio 15
VisualStudioVersion = 15.0.26730.10
MinimumVisualStudioVersion = 10.0.40219.1
Project("{DA7A21FA-8162-4350-AD77-A8D1B671F3ED}") = "rprojectSPL", "rprojectSPL.rxproj", "{F621B269-1637-4D50-AEAC-678A8199CEF1}"
EndProject
Global
	GlobalSection(SolutionConfigurationPlatforms) = preSolution
		Debug|Any CPU = Debug|Any CPU
		Release|Any CPU = Release|Any CPU
	EndGlobalSection
	GlobalSection(ProjectConfigurationPlatforms) = postSolution
		{F621B269-1637-4D50-AEAC-678A8199CEF1}.Debug|Any CPU.ActiveCfg = Debug|Any CPU
		{F621B269-1637-4D50-AEAC-678A8199CEF1}.Debug|Any CPU.Build.0 = Debug|Any CPU
		{F621B269-1637-4D50-AEAC-678A8199CEF1}.Release|Any CPU.ActiveCfg = Release|Any CPU
		{F621B269-1637-4D50-AEAC-678A8199CEF1}.Release|Any CPU.Build.0 = Release|Any CPU
	EndGlobalSection
	GlobalSection(SolutionProperties) = preSolution
		HideSolutionNode = FALSE
	EndGlobalSection
	GlobalSection(ExtensibilityGlobals) = postSolution
		SolutionGuid = {4C4CD8FB-ABA7-4C12-B72A-8633A0B7706C}
	EndGlobalSection
EndGlobal
